
Microsoft Visual Studio Solution File, Format Version 12.00
# Visual Studio Version 17
VisualStudioVersion = 17.10.34916.146
MinimumVisualStudioVersion = 10.0.40219.1
Project("{FAE04EC0-301F-11D3-BF4B-00C04F79EFBC}") = "Crud", "Crud\Crud.csproj", "{03572694-593C-4C9D-B501-DBCBBF42DD68}"
EndProject
Global
	GlobalSection(SolutionConfigurationPlatforms) = preSolution
		Debug|Any CPU = Debug|Any CPU
		Release|Any CPU = Release|Any CPU
	EndGlobalSection
	GlobalSection(ProjectConfigurationPlatforms) = postSolution
		{03572694-593C-4C9D-B501-DBCBBF42DD68}.Debug|Any CPU.ActiveCfg = Debug|Any CPU
		{03572694-593C-4C9D-B501-DBCBBF42DD68}.Debug|Any CPU.Build.0 = Debug|Any CPU
		{03572694-593C-4C9D-B501-DBCBBF42DD68}.Release|Any CPU.ActiveCfg = Release|Any CPU
		{03572694-593C-4C9D-B501-DBCBBF42DD68}.Release|Any CPU.Build.0 = Release|Any CPU
	EndGlobalSection
	GlobalSection(SolutionProperties) = preSolution
		HideSolutionNode = FALSE
	EndGlobalSection
	GlobalSection(ExtensibilityGlobals) = postSolution
		SolutionGuid = {5F80BCB1-821A-4AAD-91B0-A2A830A6C968}
	EndGlobalSection
EndGlobal
